
Microsoft Visual Studio Solution File, Format Version 12.00
# Visual Studio 15
VisualStudioVersion = 15.0.27130.2020
MinimumVisualStudioVersion = 10.0.40219.1
Project("{FAE04EC0-301F-11D3-BF4B-00C04F79EFBC}") = "ProducerConsumer", "ProducerConsumer\ProducerConsumer.csproj", "{44294A37-29E2-4D50-AF18-14E433CEEC51}"
EndProject
Global
	GlobalSection(SolutionConfigurationPlatforms) = preSolution
		Debug|Any CPU = Debug|Any CPU
		Release|Any CPU = Release|Any CPU
	EndGlobalSection
	GlobalSection(ProjectConfigurationPlatforms) = postSolution
		{44294A37-29E2-4D50-AF18-14E433CEEC51}.Debug|Any CPU.ActiveCfg = Debug|Any CPU
		{44294A37-29E2-4D50-AF18-14E433CEEC51}.Debug|Any CPU.Build.0 = Debug|Any CPU
		{44294A37-29E2-4D50-AF18-14E433CEEC51}.Release|Any CPU.ActiveCfg = Release|Any CPU
		{44294A37-29E2-4D50-AF18-14E433CEEC51}.Release|Any CPU.Build.0 = Release|Any CPU
	EndGlobalSection
	GlobalSection(SolutionProperties) = preSolution
		HideSolutionNode = FALSE
	EndGlobalSection
	GlobalSection(ExtensibilityGlobals) = postSolution
		SolutionGuid = {C4ED9204-0BE3-450D-AFC7-6F93F5394984}
	EndGlobalSection
EndGlobal
